
Microsoft Visual Studio Solution File, Format Version 12.00
# Visual Studio Version 17
VisualStudioVersion = 17.1.32414.318
MinimumVisualStudioVersion = 10.0.40219.1
Project("{FAE04EC0-301F-11D3-BF4B-00C04F79EFBC}") = "CorvusV2", "CorvusV2.csproj", "{FBA91938-ED39-4E0F-887F-7CCE5E18CE05}"
EndProject
Global
	GlobalSection(SolutionConfigurationPlatforms) = preSolution
		Debug|Any CPU = Debug|Any CPU
		Release|Any CPU = Release|Any CPU
	EndGlobalSection
	GlobalSection(ProjectConfigurationPlatforms) = postSolution
		{FBA91938-ED39-4E0F-887F-7CCE5E18CE05}.Debug|Any CPU.ActiveCfg = Debug|Any CPU
		{FBA91938-ED39-4E0F-887F-7CCE5E18CE05}.Debug|Any CPU.Build.0 = Debug|Any CPU
		{FBA91938-ED39-4E0F-887F-7CCE5E18CE05}.Release|Any CPU.ActiveCfg = Release|Any CPU
		{FBA91938-ED39-4E0F-887F-7CCE5E18CE05}.Release|Any CPU.Build.0 = Release|Any CPU
	EndGlobalSection
	GlobalSection(SolutionProperties) = preSolution
		HideSolutionNode = FALSE
	EndGlobalSection
	GlobalSection(ExtensibilityGlobals) = postSolution
		SolutionGuid = {3FCB8729-64CE-4F54-8164-238B69B888E2}
	EndGlobalSection
EndGlobal
